
Microsoft Visual Studio Solution File, Format Version 12.00
# Visual Studio Version 16
VisualStudioVersion = 16.0.33529.622
MinimumVisualStudioVersion = 10.0.40219.1
Project("{FAE04EC0-301F-11D3-BF4B-00C04F79EFBC}") = "CLASE DATETIME", "CLASE DATETIME.csproj", "{7D606531-BA0B-452A-9ED2-5259A9BB009C}"
EndProject
Global
	GlobalSection(SolutionConfigurationPlatforms) = preSolution
		Debug|Any CPU = Debug|Any CPU
		Release|Any CPU = Release|Any CPU
	EndGlobalSection
	GlobalSection(ProjectConfigurationPlatforms) = postSolution
		{7D606531-BA0B-452A-9ED2-5259A9BB009C}.Debug|Any CPU.ActiveCfg = Debug|Any CPU
		{7D606531-BA0B-452A-9ED2-5259A9BB009C}.Debug|Any CPU.Build.0 = Debug|Any CPU
		{7D606531-BA0B-452A-9ED2-5259A9BB009C}.Release|Any CPU.ActiveCfg = Release|Any CPU
		{7D606531-BA0B-452A-9ED2-5259A9BB009C}.Release|Any CPU.Build.0 = Release|Any CPU
	EndGlobalSection
	GlobalSection(SolutionProperties) = preSolution
		HideSolutionNode = FALSE
	EndGlobalSection
	GlobalSection(ExtensibilityGlobals) = postSolution
		SolutionGuid = {0964E2C0-BCCF-4AF1-88D0-F6E5DAA7BDE6}
	EndGlobalSection
EndGlobal
